github.com/davecgh/go-spew v1.1.1 h1:vj9j/u1bqnvCEfJOwUhtlOARqs3+rkHYY13jYWTU97c=
github.com/davecgh/go-spew v1.1.1/go.mod h1:J7Y8YcW2NihsgmVo/mv3lAwl/skON4iLHjSsI+c5H38=
github.com/ebitengine/purego v0.11.1 h1:2zpWRSQNVKN4eKsKO9eM1ILDgWfYMY9GwqRmK6XeQ/0=
github.com/ebitengine/purego v0.11.1/go.mod h1:DCHPP08djqhNSoTfImcnHYQRZmd0qhakvrozqaEYhGQ=
github.com/go-text/typesetting v0.3.5 h1:XZPUooClHY0Vf/rFyUyuPRNEkawARaFzLMQcXLSEyPk=
github.com/go-text/typesetting v0.3.5/go.mod h1:XZO1hD+nQVyvVa5IicQk7FsCa4PFQaJ2soWAP1f//68=
github.com/go-text/typesetting-utils v0.0.0-20260419141703-4ffe8874dabc h1:8FGo2It5K75XkavhTiCKExUfVaVDS1feBnLCru5qeoY=
github.com/go-text/typesetting-utils v0.0.0-20260419141703-4ffe8874dabc/go.mod h1:3/62I4La/HBRX9TcTpBj4eipLiwzf+vhI+7whTc9V7o=
github.com/godbus/dbus/v5 v5.1.0 h1:4KLkAxT3aOY8Li4FRJe/KvhoNFFxo0m6fNuFUO8QJUk=
github.com/godbus/dbus/v5 v5.1.0/go.mod h1:xhWf0FNVPg57R7Z0UbKHbJfkEywrmjJnf7w5xrFpKfA=
github.com/gorilla/websocket v1.5.3 h1:saDtZ6Pbx/0u+bgYQ3q96pZgCzfhKXGPqt7kZ72aNNg=
github.com/gorilla/websocket v1.5.3/go.mod h1:YR8l580nyteQvAITg2hZ9XVh4b55+EU/adAjf1fMHhE=
github.com/jixunmoe-go/qrc v0.0.0-20230917162828-866e996416b0 h1:XbKYQezv+JSdPBJE16KHzD2afrJB7tkc3wsJiVk4ilY=
github.com/jixunmoe-go/qrc v0.0.0-20230917162828-866e996416b0/go.mod h1:krzGKG44lKGayicX0UaQ/i53oHznpk4DmrBw2LnhpfI=
github.com/pmezard/go-difflib v1.0.0 h1:4DBwDE0NGyQoBHbLQYPwSUPoCMWR5BEzIk/f1lZbAQM=
github.com/pmezard/go-difflib v1.0.0/go.mod h1:iKH77koFhYxTK1pcRnkKkqfTogsbg7gZNVY4sRDYZ/4=
github.com/stretchr/testify v1.8.4 h1:CcVxjf3Q8PM0mHUKJCdn+eZZtm5yQwehR5yeSVQQcUk=
github.com/stretchr/testify v1.8.4/go.mod h1:sz/lmYIOXD/1dqDmKjjqLyZ2RngseejIcXlSw2iwfAo=
golang.org/x/crypto v0.57.0 h1:3ZVCjf8Ggz7zneR/EHRVx68Ctf+2pmIMP2UFhh9cC6M=
golang.org/x/crypto v0.57.0/go.mod h1:Fdz0i5U6CoizGwLda9DttjSk6qlZo25zYNtR+ycvuZA=
golang.org/x/image v0.46.0 h1:b1+oYj0Jbp6K5MDT4i4/eZpYlk3V8SJhhDKh6LBHAyQ=
golang.org/x/image v0.46.0/go.mod h1:3B3W05VGVQyuXucLINLjXKrqISASfi4Xj+iCVkLMwew=
golang.org/x/sys v0.48.0 h1:bbX/i/6MgT9BVLM9RT1thmxL04yeTAhbEz4SyadbXoo=
golang.org/x/sys v0.48.0/go.mod h1:hNLxWAXmnKAxqDtdwIYC4bM9oQPEecfsnNMuSxOs3og=
gopkg.in/yaml.v3 v3.0.1 h1:fxVm/GzAzEWqLHuvctI91KS9hhNmmWOoWu0XTYJS7CA=
gopkg.in/yaml.v3 v3.0.1/go.mod h1:K4uyk7z7BCEPqu6E+C64Yfv1cQ7kz7rIZviUmN+EgEM=
